
Microsoft Visual Studio Solution File, Format Version 12.00
# Visual Studio Version 17
VisualStudioVersion = 17.14.36518.9 d17.14
MinimumVisualStudioVersion = 10.0.40219.1
Project("{FAE04EC0-301F-11D3-BF4B-00C04F79EFBC}") = "Assignment3", "Assignment3.csproj", "{FF843A7A-5D9D-4D3E-A958-319ADD3C07EB}"
EndProject
Global
	GlobalSection(SolutionConfigurationPlatforms) = preSolution
		Debug|Any CPU = Debug|Any CPU
		Release|Any CPU = Release|Any CPU
	EndGlobalSection
	GlobalSection(ProjectConfigurationPlatforms) = postSolution
		{FF843A7A-5D9D-4D3E-A958-319ADD3C07EB}.Debug|Any CPU.ActiveCfg = Debug|Any CPU
		{FF843A7A-5D9D-4D3E-A958-319ADD3C07EB}.Debug|Any CPU.Build.0 = Debug|Any CPU
		{FF843A7A-5D9D-4D3E-A958-319ADD3C07EB}.Release|Any CPU.ActiveCfg = Release|Any CPU
		{FF843A7A-5D9D-4D3E-A958-319ADD3C07EB}.Release|Any CPU.Build.0 = Release|Any CPU
	EndGlobalSection
	GlobalSection(SolutionProperties) = preSolution
		HideSolutionNode = FALSE
	EndGlobalSection
	GlobalSection(ExtensibilityGlobals) = postSolution
		SolutionGuid = {F724288B-1BB7-43A8-8890-D6A1F0E3A5FD}
	EndGlobalSection
EndGlobal
